Microsoft Visual Studio Solution File, Format Version 12.00
# Visual Studio Version 16
VisualStudioVersion = 16.0.808.10
MinimumVisualStudioVersion = 10.0.40219.1
Project("{FAE04EC0-301F-11D3-BF4B-00C04F79EFBC}") = "ng-component-in-template-finder", "ng-component-in-template-finder\ng-component-in-template-finder.csproj", "{0A9FC1FE-423D-4AB4-A193-2FF671CCCE71}"
EndProject
Global
	GlobalSection(SolutionConfigurationPlatforms) = preSolution
		Debug|Any CPU = Debug|Any CPU
		Release|Any CPU = Release|Any CPU
	EndGlobalSection
	GlobalSection(ProjectConfigurationPlatforms) = postSolution
		{0A9FC1FE-423D-4AB4-A193-2FF671CCCE71}.Debug|Any CPU.ActiveCfg = Debug|Any CPU
		{0A9FC1FE-423D-4AB4-A193-2FF671CCCE71}.Debug|Any CPU.Build.0 = Debug|Any CPU
		{0A9FC1FE-423D-4AB4-A193-2FF671CCCE71}.Release|Any CPU.ActiveCfg = Release|Any CPU
		{0A9FC1FE-423D-4AB4-A193-2FF671CCCE71}.Release|Any CPU.Build.0 = Release|Any CPU
	EndGlobalSection
	GlobalSection(SolutionProperties) = preSolution
		HideSolutionNode = FALSE
	EndGlobalSection
	GlobalSection(ExtensibilityGlobals) = postSolution
		SolutionGuid = {6BD1323B-0C34-44DA-88FA-42B44CA9876D}
	EndGlobalSection
EndGlobal
